// !$*UTF8*$!
{
	archiveVersion = 1;
	classes = {
	};
	objectVersion = 77;
	objects = {

/* Begin PBXBuildFile section */
		A9D98E8F2D8FCD76000448A2 /* FirebaseAnalytics in Frameworks */ = {isa = PBXBuildFile; productRef = A9D98E8E2D8FCD76000448A2 /* FirebaseAnalytics */; };
		A9D98E912D8FCD76000448A2 /* FirebaseCrashlytics in Frameworks */ = {isa = PBXBuildFile; productRef = A9D98E902D8FCD76000448A2 /* FirebaseCrashlytics */; };
/* End PBXBuildFile section */

/* Begin PBXContainerItemProxy section */
		A9D98E1F2D8FCBF0000448A2 /* PBXContainerItemProxy */ = {
			isa = PBXContainerItemProxy;
			containerPortal = A9D98E052D8FCBEF000448A2 /* Project object */;
			proxyType = 1;
			remoteGlobalIDString = A9D98E0C2D8FCBEF000448A2;
			remoteInfo = CleanerXcode;
		};
		A9D98E292D8FCBF0000448A2 /* PBXContainerItemProxy */ = {
			isa = PBXContainerItemProxy;
			containerPortal = A9D98E052D8FCBEF000448A2 /* Project object */;
			proxyType = 1;
			remoteGlobalIDString = A9D98E0C2D8FCBEF000448A2;
			remoteInfo = CleanerXcode;
		};
/* End PBXContainerItemProxy section */

/* Begin PBXFileReference section */
		A9D98E0D2D8FCBEF000448A2 /* CleanerXcode.app */ = {isa = PBXFileReference; explicitFileType = wrapper.application; includeInIndex = 0; path = CleanerXcode.app; sourceTree = BUILT_PRODUCTS_DIR; };
		A9D98E1E2D8FCBF0000448A2 /* CleanerXcodeTests.xctest */ = {isa = PBXFileReference; explicitFileType = wrapper.cfbundle; includeInIndex = 0; path = CleanerXcodeTests.xctest; sourceTree = BUILT_PRODUCTS_DIR; };
		A9D98E282D8FCBF0000448A2 /* CleanerXcodeUITests.xctest */ = {isa = PBXFileReference; explicitFileType = wrapper.cfbundle; includeInIndex = 0; path = CleanerXcodeUITests.xctest; sourceTree = BUILT_PRODUCTS_DIR; };
/* End PBXFileReference section */

/* Begin PBXFileSystemSynchronizedRootGroup section */
		A9D98E0F2D8FCBEF000448A2 /* CleanerXcode */ = {
			isa = PBXFileSystemSynchronizedRootGroup;
			path = CleanerXcode;
			sourceTree = "<group>";
		};
		A9D98E212D8FCBF0000448A2 /* CleanerXcodeTests */ = {
			isa = PBXFileSystemSynchronizedRootGroup;
			path = CleanerXcodeTests;
			sourceTree = "<group>";
		};
		A9D98E2B2D8FCBF0000448A2 /* CleanerXcodeUITests */ = {
			isa = PBXFileSystemSynchronizedRootGroup;
			path = CleanerXcodeUITests;
			sourceTree = "<group>";
		};
/* End PBXFileSystemSynchronizedRootGroup section */

/* Begin PBXFrameworksBuildPhase section */
		A9D98E0A2D8FCBEF000448A2 /* Frameworks */ = {
			isa = PBXFrameworksBuildPhase;
			buildActionMask = 2147483647;
			files = (
				A9D98E8F2D8FCD76000448A2 /* FirebaseAnalytics in Frameworks */,
				A9D98E912D8FCD76000448A2 /* FirebaseCrashlytics in Frameworks */,
			);
			runOnlyForDeploymentPostprocessing = 0;
		};
		A9D98E1B2D8FCBF0000448A2 /* Frameworks */ = {
			isa = PBXFrameworksBuildPhase;
			buildActionMask = 2147483647;
			files = (
			);
			runOnlyForDeploymentPostprocessing = 0;
		};
		A9D98E252D8FCBF0000448A2 /* Frameworks */ = {
			isa = PBXFrameworksBuildPhase;
			buildActionMask = 2147483647;
			files = (
			);
			runOnlyForDeploymentPostprocessing = 0;
		};
/* End PBXFrameworksBuildPhase section */

/* Begin PBXGroup section */
		A9D98E042D8FCBEF000448A2 = {
			isa = PBXGroup;
			children = (
				A9D98E0F2D8FCBEF000448A2 /* CleanerXcode */,
				A9D98E212D8FCBF0000448A2 /* CleanerXcodeTests */,
				A9D98E2B2D8FCBF0000448A2 /* CleanerXcodeUITests */,
				A9D98E0E2D8FCBEF000448A2 /* Products */,
			);
			sourceTree = "<group>";
		};
		A9D98E0E2D8FCBEF000448A2 /* Products */ = {
			isa = PBXGroup;
			children = (
				A9D98E0D2D8FCBEF000448A2 /* CleanerXcode.app */,
				A9D98E1E2D8FCBF0000448A2 /* CleanerXcodeTests.xctest */,
				A9D98E282D8FCBF0000448A2 /* CleanerXcodeUITests.xctest */,
			);
			name = Products;
			sourceTree = "<group>";
		};
/* End PBXGroup section */

/* Begin PBXNativeTarget section */
		A9D98E0C2D8FCBEF000448A2 /* CleanerXcode */ = {
			isa = PBXNativeTarget;
			buildConfigurationList = A9D98E322D8FCBF0000448A2 /* Build configuration list for PBXNativeTarget "CleanerXcode" */;
			buildPhases = (
				A9D98E092D8FCBEF000448A2 /* Sources */,
				A9D98E0A2D8FCBEF000448A2 /* Frameworks */,
				A9D98E0B2D8FCBEF000448A2 /* Resources */,
			);
			buildRules = (
			);
			dependencies = (
			);
			fileSystemSynchronizedGroups = (
				A9D98E0F2D8FCBEF000448A2 /* CleanerXcode */,
			);
			name = CleanerXcode;
			packageProductDependencies = (
				A9D98E8E2D8FCD76000448A2 /* FirebaseAnalytics */,
				A9D98E902D8FCD76000448A2 /* FirebaseCrashlytics */,
			);
			productName = CleanerXcode;
			productReference = A9D98E0D2D8FCBEF000448A2 /* CleanerXcode.app */;
			productType = "com.apple.product-type.application";
		};
		A9D98E1D2D8FCBF0000448A2 /* CleanerXcodeTests */ = {
			isa = PBXNativeTarget;
			buildConfigurationList = A9D98E352D8FCBF0000448A2 /* Build configuration list for PBXNativeTarget "CleanerXcodeTests" */;
			buildPhases = (
				A9D98E1A2D8FCBF0000448A2 /* Sources */,
				A9D98E1B2D8FCBF0000448A2 /* Frameworks */,
				A9D98E1C2D8FCBF0000448A2 /* Resources */,
			);
			buildRules = (
			);
			dependencies = (
				A9D98E202D8FCBF0000448A2 /* PBXTargetDependency */,
			);
			fileSystemSynchronizedGroups = (
				A9D98E212D8FCBF0000448A2 /* CleanerXcodeTests */,
			);
			name = CleanerXcodeTests;
			packageProductDependencies = (
			);
			productName = CleanerXcodeTests;
			productReference = A9D98E1E2D8FCBF0000448A2 /* CleanerXcodeTests.xctest */;
			productType = "com.apple.product-type.bundle.unit-test";
		};
		A9D98E272D8FCBF0000448A2 /* CleanerXcodeUITests */ = {
			isa = PBXNativeTarget;
			buildConfigurationList = A9D98E382D8FCBF0000448A2 /* Build configuration list for PBXNativeTarget "CleanerXcodeUITests" */;
			buildPhases = (
				A9D98E242D8FCBF0000448A2 /* Sources */,
				A9D98E252D8FCBF0000448A2 /* Frameworks */,
				A9D98E262D8FCBF0000448A2 /* Resources */,
			);
			buildRules = (
			);
			dependencies = (
				A9D98E2A2D8FCBF0000448A2 /* PBXTargetDependency */,
			);
			fileSystemSynchronizedGroups = (
				A9D98E2B2D8FCBF0000448A2 /* CleanerXcodeUITests */,
			);
			name = CleanerXcodeUITests;
			packageProductDependencies = (
			);
			productName = CleanerXcodeUITests;
			productReference = A9D98E282D8FCBF0000448A2 /* CleanerXcodeUITests.xctest */;
			productType = "com.apple.product-type.bundle.ui-testing";
		};
/* End PBXNativeTarget section */

/* Begin PBXProject section */
		A9D98E052D8FCBEF000448A2 /* Project object */ = {
			isa = PBXProject;
			attributes = {
				BuildIndependentTargetsInParallel = 1;
				LastSwiftUpdateCheck = 1620;
				LastUpgradeCheck = 1620;
				TargetAttributes = {
					A9D98E0C2D8FCBEF000448A2 = {
						CreatedOnToolsVersion = 16.2;
					};
					A9D98E1D2D8FCBF0000448A2 = {
						CreatedOnToolsVersion = 16.2;
						TestTargetID = A9D98E0C2D8FCBEF000448A2;
					};
					A9D98E272D8FCBF0000448A2 = {
						CreatedOnToolsVersion = 16.2;
						TestTargetID = A9D98E0C2D8FCBEF000448A2;
					};
				};
			};
			buildConfigurationList = A9D98E082D8FCBEF000448A2 /* Build configuration list for PBXProject "CleanerXcode" */;
			developmentRegion = en;
			hasScannedForEncodings = 0;
			knownRegions = (
				en,
				Base,
			);
			mainGroup = A9D98E042D8FCBEF000448A2;
			minimizedProjectReferenceProxies = 1;
			packageReferences = (
				A9D98E8D2D8FCD76000448A2 /* XCRemoteSwiftPackageReference "firebase-ios-sdk" */,
			);
			preferredProjectObjectVersion = 77;
			productRefGroup = A9D98E0E2D8FCBEF000448A2 /* Products */;
			projectDirPath = "";
			projectRoot = "";
			targets = (
				A9D98E0C2D8FCBEF000448A2 /* CleanerXcode */,
				A9D98E1D2D8FCBF0000448A2 /* CleanerXcodeTests */,
				A9D98E272D8FCBF0000448A2 /* CleanerXcodeUITests */,
			);
		};
/* End PBXProject section */

/* Begin PBXResourcesBuildPhase section */
		A9D98E0B2D8FCBEF000448A2 /* Resources */ = {
			isa = PBXResourcesBuildPhase;
			buildActionMask = 2147483647;
			files = (
			);
			runOnlyForDeploymentPostprocessing = 0;
		};
		A9D98E1C2D8FCBF0000448A2 /* Resources */ = {
			isa = PBXResourcesBuildPhase;
			buildActionMask = 2147483647;
			files = (
			);
			runOnlyForDeploymentPostprocessing = 0;
		};
		A9D98E262D8FCBF0000448A2 /* Resources */ = {
			isa = PBXResourcesBuildPhase;
			buildActionMask = 2147483647;
			files = (
			);
			runOnlyForDeploymentPostprocessing = 0;
		};
/* End PBXResourcesBuildPhase section */

/* Begin PBXSourcesBuildPhase section */
		A9D98E092D8FCBEF000448A2 /* Sources */ = {
			isa = PBXSourcesBuildPhase;
			buildActionMask = 2147483647;
			files = (
			);
			runOnlyForDeploymentPostprocessing = 0;
		};
		A9D98E1A2D8FCBF0000448A2 /* Sources */ = {
			isa = PBXSourcesBuildPhase;
			buildActionMask = 2147483647;
			files = (
			);
			runOnlyForDeploymentPostprocessing = 0;
		};
		A9D98E242D8FCBF0000448A2 /* Sources */ = {
			isa = PBXSourcesBuildPhase;
			buildActionMask = 2147483647;
			files = (
			);
			runOnlyForDeploymentPostprocessing = 0;
		};
/* End PBXSourcesBuildPhase section */

/* Begin PBXTargetDependency section */
		A9D98E202D8FCBF0000448A2 /* PBXTargetDependency */ = {
			isa = PBXTargetDependency;
			target = A9D98E0C2D8FCBEF000448A2 /* CleanerXcode */;
			targetProxy = A9D98E1F2D8FCBF0000448A2 /* PBXContainerItemProxy */;
		};
		A9D98E2A2D8FCBF0000448A2 /* PBXTargetDependency */ = {
			isa = PBXTargetDependency;
			target = A9D98E0C2D8FCBEF000448A2 /* CleanerXcode */;
			targetProxy = A9D98E292D8FCBF0000448A2 /* PBXContainerItemProxy */;
		};
/* End PBXTargetDependency section */

/* Begin XCBuildConfiguration section */
		A9D98E302D8FCBF0000448A2 /* Debug */ = {
			isa = XCBuildConfiguration;
			buildSettings = {
				ALWAYS_SEARCH_USER_PATHS = NO;
				ASSETCATALOG_COMPILER_GENERATE_SWIFT_ASSET_SYMBOL_EXTENSIONS = YES;
				CLANG_ANALYZER_NONNULL = YES;
				CLANG_ANALYZER_NUMBER_OBJECT_CONVERSION = YES_AGGRESSIVE;
				CLANG_CXX_LANGUAGE_STANDARD = "gnu++20";
				CLANG_ENABLE_MODULES = YES;
				CLANG_ENABLE_OBJC_ARC = YES;
				CLANG_ENABLE_OBJC_WEAK = YES;
				CLANG_WARN_BLOCK_CAPTURE_AUTORELEASING = YES;
				CLANG_WARN_BOOL_CONVERSION = YES;
				CLANG_WARN_COMMA = YES;
				CLANG_WARN_CONSTANT_CONVERSION = YES;
				CLANG_WARN_DEPRECATED_OBJC_IMPLEMENTATIONS = YES;
				CLANG_WARN_DIRECT_OBJC_ISA_USAGE = YES_ERROR;
				CLANG_WARN_DOCUMENTATION_COMMENTS = YES;
				CLANG_WARN_EMPTY_BODY = YES;
				CLANG_WARN_ENUM_CONVERSION = YES;
				CLANG_WARN_INFINITE_RECURSION = YES;
				CLANG_WARN_INT_CONVERSION = YES;
				CLANG_WARN_NON_LITERAL_NULL_CONVERSION = YES;
				CLANG_WARN_OBJC_IMPLICIT_RETAIN_SELF = YES;
				CLANG_WARN_OBJC_LITERAL_CONVERSION = YES;
				CLANG_WARN_OBJC_ROOT_CLASS = YES_ERROR;
				CLANG_WARN_QUOTED_INCLUDE_IN_FRAMEWORK_HEADER = YES;
				CLANG_WARN_RANGE_LOOP_ANALYSIS = YES;
				CLANG_WARN_STRICT_PROTOTYPES = YES;
				CLANG_WARN_SUSPICIOUS_MOVE = YES;
				CLANG_WARN_UNGUARDED_AVAILABILITY = YES_AGGRESSIVE;
				CLANG_WARN_UNREACHABLE_CODE = YES;
				CLANG_WARN__DUPLICATE_METHOD_MATCH = YES;
				COPY_PHASE_STRIP = NO;
				DEBUG_INFORMATION_FORMAT = dwarf;
				ENABLE_STRICT_OBJC_MSGSEND = YES;
				ENABLE_TESTABILITY = YES;
				ENABLE_USER_SCRIPT_SANDBOXING = YES;
				GCC_C_LANGUAGE_STANDARD = gnu17;
				GCC_DYNAMIC_NO_PIC = NO;
				GCC_NO_COMMON_BLOCKS = YES;
				GCC_OPTIMIZATION_LEVEL = 0;
				GCC_PREPROCESSOR_DEFINITIONS = (
					"DEBUG=1",
					"$(inherited)",
				);
				GCC_WARN_64_TO_32_BIT_CONVERSION = YES;
				GCC_WARN_ABOUT_RETURN_TYPE = YES_ERROR;
				GCC_WARN_UNDECLARED_SELECTOR = YES;
				GCC_WARN_UNINITIALIZED_AUTOS = YES_AGGRESSIVE;
				GCC_WARN_UNUSED_FUNCTION = YES;
				GCC_WARN_UNUSED_VARIABLE = YES;
				LOCALIZATION_PREFERS_STRING_CATALOGS = YES;
				MACOSX_DEPLOYMENT_TARGET = 15.2;
				MTL_ENABLE_DEBUG_INFO = INCLUDE_SOURCE;
				MTL_FAST_MATH = YES;
				ONLY_ACTIVE_ARCH = YES;
				SDKROOT = macosx;
				SWIFT_ACTIVE_COMPILATION_CONDITIONS = "DEBUG $(inherited)";
				SWIFT_OPTIMIZATION_LEVEL = "-Onone";
			};
			name = Debug;
		};
		A9D98E312D8FCBF0000448A2 /* Release */ = {
			isa = XCBuildConfiguration;
			buildSettings = {
				ALWAYS_SEARCH_USER_PATHS = NO;
				ASSETCATALOG_COMPILER_GENERATE_SWIFT_ASSET_SYMBOL_EXTENSIONS = YES;
				CLANG_ANALYZER_NONNULL = YES;
				CLANG_ANALYZER_NUMBER_OBJECT_CONVERSION = YES_AGGRESSIVE;
				CLANG_CXX_LANGUAGE_STANDARD = "gnu++20";
				CLANG_ENABLE_MODULES = YES;
				CLANG_ENABLE_OBJC_ARC = YES;
				CLANG_ENABLE_OBJC_WEAK = YES;
				CLANG_WARN_BLOCK_CAPTURE_AUTORELEASING = YES;
				CLANG_WARN_BOOL_CONVERSION = YES;
				CLANG_WARN_COMMA = YES;
				CLANG_WARN_CONSTANT_CONVERSION = YES;
				CLANG_WARN_DEPRECATED_OBJC_IMPLEMENTATIONS = YES;
				CLANG_WARN_DIRECT_OBJC_ISA_USAGE = YES_ERROR;
				CLANG_WARN_DOCUMENTATION_COMMENTS = YES;
				CLANG_WARN_EMPTY_BODY = YES;
				CLANG_WARN_ENUM_CONVERSION = YES;
				CLANG_WARN_INFINITE_RECURSION = YES;
				CLANG_WARN_INT_CONVERSION = YES;
				CLANG_WARN_NON_LITERAL_NULL_CONVERSION = YES;
				CLANG_WARN_OBJC_IMPLICIT_RETAIN_SELF = YES;
				CLANG_WARN_OBJC_LITERAL_CONVERSION = YES;
				CLANG_WARN_OBJC_ROOT_CLASS = YES_ERROR;
				CLANG_WARN_QUOTED_INCLUDE_IN_FRAMEWORK_HEADER = YES;
				CLANG_WARN_RANGE_LOOP_ANALYSIS = YES;
				CLANG_WARN_STRICT_PROTOTYPES = YES;
				CLANG_WARN_SUSPICIOUS_MOVE = YES;
				CLANG_WARN_UNGUARDED_AVAILABILITY = YES_AGGRESSIVE;
				CLANG_WARN_UNREACHABLE_CODE = YES;
				CLANG_WARN__DUPLICATE_METHOD_MATCH = YES;
				COPY_PHASE_STRIP = NO;
				DEBUG_INFORMATION_FORMAT = "dwarf-with-dsym";
				ENABLE_NS_ASSERTIONS = NO;
				ENABLE_STRICT_OBJC_MSGSEND = YES;
				ENABLE_USER_SCRIPT_SANDBOXING = YES;
				GCC_C_LANGUAGE_STANDARD = gnu17;
				GCC_NO_COMMON_BLOCKS = YES;
				GCC_WARN_64_TO_32_BIT_CONVERSION = YES;
				GCC_WARN_ABOUT_RETURN_TYPE = YES_ERROR;
				GCC_WARN_UNDECLARED_SELECTOR = YES;
				GCC_WARN_UNINITIALIZED_AUTOS = YES_AGGRESSIVE;
				GCC_WARN_UNUSED_FUNCTION = YES;
				GCC_WARN_UNUSED_VARIABLE = YES;
				LOCALIZATION_PREFERS_STRING_CATALOGS = YES;
				MACOSX_DEPLOYMENT_TARGET = 15.2;
				MTL_ENABLE_DEBUG_INFO = NO;
				MTL_FAST_MATH = YES;
				SDKROOT = macosx;
				SWIFT_COMPILATION_MODE = wholemodule;
			};
			name = Release;
		};
		A9D98E332D8FCBF0000448A2 /* Debug */ = {
			isa = XCBuildConfiguration;
			buildSettings = {
				ASSETCATALOG_COMPILER_APPICON_NAME = AppIcon;
				ASSETCATALOG_COMPILER_GLOBAL_ACCENT_COLOR_NAME = AccentColor;
				CODE_SIGN_ENTITLEMENTS = CleanerXcode/CleanerXcode.entitlements;
				CODE_SIGN_STYLE = Automatic;
				COMBINE_HIDPI_IMAGES = YES;
				CURRENT_PROJECT_VERSION = 1;
				DEVELOPMENT_ASSET_PATHS = "\"CleanerXcode/Preview Content\"";
				DEVELOPMENT_TEAM = MM4N959BB5;
				ENABLE_HARDENED_RUNTIME = YES;
				ENABLE_PREVIEWS = YES;
				GENERATE_INFOPLIST_FILE = YES;
				INFOPLIST_KEY_LSApplicationCategoryType = "public.app-category.developer-tools";
				INFOPLIST_KEY_NSHumanReadableCopyright = "";
				LD_RUNPATH_SEARCH_PATHS = (
					"$(inherited)",
					"@executable_path/../Frameworks",
				);
				MARKETING_VERSION = 1.0;
				PRODUCT_BUNDLE_IDENTIFIER = didisouzacosta.CleanerXcode;
				PRODUCT_NAME = "$(TARGET_NAME)";
				SWIFT_EMIT_LOC_STRINGS = YES;
				SWIFT_VERSION = 5.0;
			};
			name = Debug;
		};
		A9D98E342D8FCBF0000448A2 /* Release */ = {
			isa = XCBuildConfiguration;
			buildSettings = {
				ASSETCATALOG_COMPILER_APPICON_NAME = AppIcon;
				ASSETCATALOG_COMPILER_GLOBAL_ACCENT_COLOR_NAME = AccentColor;
				CODE_SIGN_ENTITLEMENTS = CleanerXcode/CleanerXcode.entitlements;
				CODE_SIGN_STYLE = Automatic;
				COMBINE_HIDPI_IMAGES = YES;
				CURRENT_PROJECT_VERSION = 1;
				DEVELOPMENT_ASSET_PATHS = "\"CleanerXcode/Preview Content\"";
				DEVELOPMENT_TEAM = MM4N959BB5;
				ENABLE_HARDENED_RUNTIME = YES;
				ENABLE_PREVIEWS = YES;
				GENERATE_INFOPLIST_FILE = YES;
				INFOPLIST_KEY_LSApplicationCategoryType = "public.app-category.developer-tools";
				INFOPLIST_KEY_NSHumanReadableCopyright = "";
				LD_RUNPATH_SEARCH_PATHS = (
					"$(inherited)",
					"@executable_path/../Frameworks",
				);
				MARKETING_VERSION = 1.0;
				PRODUCT_BUNDLE_IDENTIFIER = didisouzacosta.CleanerXcode;
				PRODUCT_NAME = "$(TARGET_NAME)";
				SWIFT_EMIT_LOC_STRINGS = YES;
				SWIFT_VERSION = 5.0;
			};
			name = Release;
		};
		A9D98E362D8FCBF0000448A2 /* Debug */ = {
			isa = XCBuildConfiguration;
			buildSettings = {
				BUNDLE_LOADER = "$(TEST_HOST)";
				CODE_SIGN_STYLE = Automatic;
				CURRENT_PROJECT_VERSION = 1;
				DEVELOPMENT_TEAM = MM4N959BB5;
				GENERATE_INFOPLIST_FILE = YES;
				MACOSX_DEPLOYMENT_TARGET = 15.2;
				MARKETING_VERSION = 1.0;
				PRODUCT_BUNDLE_IDENTIFIER = didisouzacosta.CleanerXcodeTests;
				PRODUCT_NAME = "$(TARGET_NAME)";
				SWIFT_EMIT_LOC_STRINGS = NO;
				SWIFT_VERSION = 5.0;
				TEST_HOST = "$(BUILT_PRODUCTS_DIR)/CleanerXcode.app/$(BUNDLE_EXECUTABLE_FOLDER_PATH)/CleanerXcode";
			};
			name = Debug;
		};
		A9D98E372D8FCBF0000448A2 /* Release */ = {
			isa = XCBuildConfiguration;
			buildSettings = {
				BUNDLE_LOADER = "$(TEST_HOST)";
				CODE_SIGN_STYLE = Automatic;
				CURRENT_PROJECT_VERSION = 1;
				DEVELOPMENT_TEAM = MM4N959BB5;
				GENERATE_INFOPLIST_FILE = YES;
				MACOSX_DEPLOYMENT_TARGET = 15.2;
				MARKETING_VERSION = 1.0;
				PRODUCT_BUNDLE_IDENTIFIER = didisouzacosta.CleanerXcodeTests;
				PRODUCT_NAME = "$(TARGET_NAME)";
				SWIFT_EMIT_LOC_STRINGS = NO;
				SWIFT_VERSION = 5.0;
				TEST_HOST = "$(BUILT_PRODUCTS_DIR)/CleanerXcode.app/$(BUNDLE_EXECUTABLE_FOLDER_PATH)/CleanerXcode";
			};
			name = Release;
		};
		A9D98E392D8FCBF0000448A2 /* Debug */ = {
			isa = XCBuildConfiguration;
			buildSettings = {
				CODE_SIGN_STYLE = Automatic;
				CURRENT_PROJECT_VERSION = 1;
				DEVELOPMENT_TEAM = MM4N959BB5;
				GENERATE_INFOPLIST_FILE = YES;
				MARKETING_VERSION = 1.0;
				PRODUCT_BUNDLE_IDENTIFIER = didisouzacosta.CleanerXcodeUITests;
				PRODUCT_NAME = "$(TARGET_NAME)";
				SWIFT_EMIT_LOC_STRINGS = NO;
				SWIFT_VERSION = 5.0;
				TEST_TARGET_NAME = CleanerXcode;
			};
			name = Debug;
		};
		A9D98E3A2D8FCBF0000448A2 /* Release */ = {
			isa = XCBuildConfiguration;
			buildSettings = {
				CODE_SIGN_STYLE = Automatic;
				CURRENT_PROJECT_VERSION = 1;
				DEVELOPMENT_TEAM = MM4N959BB5;
				GENERATE_INFOPLIST_FILE = YES;
				MARKETING_VERSION = 1.0;
				PRODUCT_BUNDLE_IDENTIFIER = didisouzacosta.CleanerXcodeUITests;
				PRODUCT_NAME = "$(TARGET_NAME)";
				SWIFT_EMIT_LOC_STRINGS = NO;
				SWIFT_VERSION = 5.0;
				TEST_TARGET_NAME = CleanerXcode;
			};
			name = Release;
		};
/* End XCBuildConfiguration section */

/* Begin XCConfigurationList section */
		A9D98E082D8FCBEF000448A2 /* Build configuration list for PBXProject "CleanerXcode" */ = {
			isa = XCConfigurationList;
			buildConfigurations = (
				A9D98E302D8FCBF0000448A2 /* Debug */,
				A9D98E312D8FCBF0000448A2 /* Release */,
			);
			defaultConfigurationIsVisible = 0;
			defaultConfigurationName = Release;
		};
		A9D98E322D8FCBF0000448A2 /* Build configuration list for PBXNativeTarget "CleanerXcode" */ = {
			isa = XCConfigurationList;
			buildConfigurations = (
				A9D98E332D8FCBF0000448A2 /* Debug */,
				A9D98E342D8FCBF0000448A2 /* Release */,
			);
			defaultConfigurationIsVisible = 0;
			defaultConfigurationName = Release;
		};
		A9D98E352D8FCBF0000448A2 /* Build configuration list for PBXNativeTarget "CleanerXcodeTests" */ = {
			isa = XCConfigurationList;
			buildConfigurations = (
				A9D98E362D8FCBF0000448A2 /* Debug */,
				A9D98E372D8FCBF0000448A2 /* Release */,
			);
			defaultConfigurationIsVisible = 0;
			defaultConfigurationName = Release;
		};
		A9D98E382D8FCBF0000448A2 /* Build configuration list for PBXNativeTarget "CleanerXcodeUITests" */ = {
			isa = XCConfigurationList;
			buildConfigurations = (
				A9D98E392D8FCBF0000448A2 /* Debug */,
				A9D98E3A2D8FCBF0000448A2 /* Release */,
			);
			defaultConfigurationIsVisible = 0;
			defaultConfigurationName = Release;
		};
/* End XCConfigurationList section */

/* Begin XCRemoteSwiftPackageReference section */
		A9D98E8D2D8FCD76000448A2 /* XCRemoteSwiftPackageReference "firebase-ios-sdk" */ = {
			isa = XCRemoteSwiftPackageReference;
			repositoryURL = "https://github.com/firebase/firebase-ios-sdk.git";
			requirement = {
				kind = upToNextMajorVersion;
				minimumVersion = 11.10.0;
			};
		};
/* End XCRemoteSwiftPackageReference section */

/* Begin XCSwiftPackageProductDependency section */
		A9D98E8E2D8FCD76000448A2 /* FirebaseAnalytics */ = {
			isa = XCSwiftPackageProductDependency;
			package = A9D98E8D2D8FCD76000448A2 /* XCRemoteSwiftPackageReference "firebase-ios-sdk" */;
			productName = FirebaseAnalytics;
		};
		A9D98E902D8FCD76000448A2 /* FirebaseCrashlytics */ = {
			isa = XCSwiftPackageProductDependency;
			package = A9D98E8D2D8FCD76000448A2 /* XCRemoteSwiftPackageReference "firebase-ios-sdk" */;
			productName = FirebaseCrashlytics;
		};
/* End XCSwiftPackageProductDependency section */
	};
	rootObject = A9D98E052D8FCBEF000448A2 /* Project object */;
}
